
Microsoft Visual Studio Solution File, Format Version 12.00
# Visual Studio Version 17
VisualStudioVersion = 17.1.32414.318
MinimumVisualStudioVersion = 10.0.40219.1
Project("{2150E333-8FDC-42A3-9474-1A3956D46DE8}") = "Users", "Users", "{C59F28AB-A826-4367-9A9D-4A1086CFDE7A}"
EndProject
Project("{9A19103F-16F7-4668-BE54-9A1E7A4F7556}") = "Users", "Users\Users.csproj", "{F3928FCB-E9D7-4A9D-A800-5D177AFFB799}"
EndProject
Project("{9A19103F-16F7-4668-BE54-9A1E7A4F7556}") = "Users.Contracts", "Users.Contracts\Users.Contracts.csproj", "{712DA596-9CAC-43A3-9288-29A877453DF3}"
EndProject
Project("{9A19103F-16F7-4668-BE54-9A1E7A4F7556}") = "WebAPI", "WebAPI\WebAPI.csproj", "{B99EA027-7EA3-454E-BF30-D57DCEEC48BB}"
EndProject
Project("{2150E333-8FDC-42A3-9474-1A3956D46DE8}") = "Projects", "Projects", "{CE1A93D2-4A25-4534-A4FA-01D2F1258955}"
EndProject
Project("{9A19103F-16F7-4668-BE54-9A1E7A4F7556}") = "Projects", "Projects\Projects.csproj", "{74B66CF8-B07E-49A7-84C1-5EA7B7D99541}"
EndProject
Project("{9A19103F-16F7-4668-BE54-9A1E7A4F7556}") = "Projects.Contracts", "Projects.Contracts\Projects.Contracts.csproj", "{DDE17259-6AA8-4211-9587-5A972D58697A}"
EndProject
Project("{9A19103F-16F7-4668-BE54-9A1E7A4F7556}") = "Projects.DataTransferObjects", "Projects.DataTransferObjects\Projects.DataTransferObjects.csproj", "{CDD3C79A-5969-4A3C-B1AB-5703FAA1B107}"
EndProject
Project("{2150E333-8FDC-42A3-9474-1A3956D46DE8}") = "Files", "Files", "{D4570908-B0DA-4C45-A0EC-D7F0072F749A}"
EndProject
Project("{9A19103F-16F7-4668-BE54-9A1E7A4F7556}") = "Files", "Files\Files.csproj", "{270F3508-2D9E-4A58-931F-997A2BFD02FC}"
EndProject
Project("{9A19103F-16F7-4668-BE54-9A1E7A4F7556}") = "Files.Contracts", "Files.Contracts\Files.Contracts.csproj", "{3B4A1B05-3D78-4249-AC6A-4E7D343BECE1}"
EndProject
Project("{9A19103F-16F7-4668-BE54-9A1E7A4F7556}") = "Files.DataTransferObjects", "Files.DataTransferObjects\Files.DataTransferObjects.csproj", "{A85D452E-2654-4951-BB90-692D3C54105A}"
EndProject
Project("{2150E333-8FDC-42A3-9474-1A3956D46DE8}") = "Host", "Host", "{A7381061-6E29-4512-8CD2-82F344141D5B}"
EndProject
Project("{2150E333-8FDC-42A3-9474-1A3956D46DE8}") = "Modules", "Modules", "{8D90C48E-4862-477C-AE04-FAC9407BCF63}"
EndProject
Project("{2150E333-8FDC-42A3-9474-1A3956D46DE8}") = "Ads", "Ads", "{7B267D87-DE73-4F5B-BD7A-7564658348B1}"
EndProject
Project("{9A19103F-16F7-4668-BE54-9A1E7A4F7556}") = "Ads", "Ads\Ads\Ads.csproj", "{BB3AA391-9222-4EB2-B044-E48496A5C915}"
EndProject
Project("{9A19103F-16F7-4668-BE54-9A1E7A4F7556}") = "Ads.DataTransferObjects", "Ads.DataTransferObjects\Ads.DataTransferObjects.csproj", "{132BECFA-C33E-4C36-AB50-32964BBAE886}"
EndProject
Project("{2150E333-8FDC-42A3-9474-1A3956D46DE8}") = "ML", "ML", "{9AB5CDD9-3533-472A-AF4F-44338B59A8BC}"
EndProject
Project("{FAE04EC0-301F-11D3-BF4B-00C04F79EFBC}") = "ML", "ML\ML.csproj", "{F5517D93-6D27-4BD8-AFBA-D91496164FC6}"
EndProject
Global
	GlobalSection(SolutionConfigurationPlatforms) = preSolution
		Debug|Any CPU = Debug|Any CPU
		Release|Any CPU = Release|Any CPU
	EndGlobalSection
	GlobalSection(ProjectConfigurationPlatforms) = postSolution
		{F3928FCB-E9D7-4A9D-A800-5D177AFFB799}.Debug|Any CPU.ActiveCfg = Debug|Any CPU
		{F3928FCB-E9D7-4A9D-A800-5D177AFFB799}.Debug|Any CPU.Build.0 = Debug|Any CPU
		{F3928FCB-E9D7-4A9D-A800-5D177AFFB799}.Release|Any CPU.ActiveCfg = Release|Any CPU
		{F3928FCB-E9D7-4A9D-A800-5D177AFFB799}.Release|Any CPU.Build.0 = Release|Any CPU
		{712DA596-9CAC-43A3-9288-29A877453DF3}.Debug|Any CPU.ActiveCfg = Debug|Any CPU
		{712DA596-9CAC-43A3-9288-29A877453DF3}.Debug|Any CPU.Build.0 = Debug|Any CPU
		{712DA596-9CAC-43A3-9288-29A877453DF3}.Release|Any CPU.ActiveCfg = Release|Any CPU
		{712DA596-9CAC-43A3-9288-29A877453DF3}.Release|Any CPU.Build.0 = Release|Any CPU
		{B99EA027-7EA3-454E-BF30-D57DCEEC48BB}.Debug|Any CPU.ActiveCfg = Debug|Any CPU
		{B99EA027-7EA3-454E-BF30-D57DCEEC48BB}.Debug|Any CPU.Build.0 = Debug|Any CPU
		{B99EA027-7EA3-454E-BF30-D57DCEEC48BB}.Release|Any CPU.ActiveCfg = Release|Any CPU
		{B99EA027-7EA3-454E-BF30-D57DCEEC48BB}.Release|Any CPU.Build.0 = Release|Any CPU
		{74B66CF8-B07E-49A7-84C1-5EA7B7D99541}.Debug|Any CPU.ActiveCfg = Debug|Any CPU
		{74B66CF8-B07E-49A7-84C1-5EA7B7D99541}.Debug|Any CPU.Build.0 = Debug|Any CPU
		{74B66CF8-B07E-49A7-84C1-5EA7B7D99541}.Release|Any CPU.ActiveCfg = Release|Any CPU
		{74B66CF8-B07E-49A7-84C1-5EA7B7D99541}.Release|Any CPU.Build.0 = Release|Any CPU
		{DDE17259-6AA8-4211-9587-5A972D58697A}.Debug|Any CPU.ActiveCfg = Debug|Any CPU
		{DDE17259-6AA8-4211-9587-5A972D58697A}.Debug|Any CPU.Build.0 = Debug|Any CPU
		{DDE17259-6AA8-4211-9587-5A972D58697A}.Release|Any CPU.ActiveCfg = Release|Any CPU
		{DDE17259-6AA8-4211-9587-5A972D58697A}.Release|Any CPU.Build.0 = Release|Any CPU
		{CDD3C79A-5969-4A3C-B1AB-5703FAA1B107}.Debug|Any CPU.ActiveCfg = Debug|Any CPU
		{CDD3C79A-5969-4A3C-B1AB-5703FAA1B107}.Debug|Any CPU.Build.0 = Debug|Any CPU
		{CDD3C79A-5969-4A3C-B1AB-5703FAA1B107}.Release|Any CPU.ActiveCfg = Release|Any CPU
		{CDD3C79A-5969-4A3C-B1AB-5703FAA1B107}.Release|Any CPU.Build.0 = Release|Any CPU
		{270F3508-2D9E-4A58-931F-997A2BFD02FC}.Debug|Any CPU.ActiveCfg = Debug|Any CPU
		{270F3508-2D9E-4A58-931F-997A2BFD02FC}.Debug|Any CPU.Build.0 = Debug|Any CPU
		{270F3508-2D9E-4A58-931F-997A2BFD02FC}.Release|Any CPU.ActiveCfg = Release|Any CPU
		{270F3508-2D9E-4A58-931F-997A2BFD02FC}.Release|Any CPU.Build.0 = Release|Any CPU
		{3B4A1B05-3D78-4249-AC6A-4E7D343BECE1}.Debug|Any CPU.ActiveCfg = Debug|Any CPU
		{3B4A1B05-3D78-4249-AC6A-4E7D343BECE1}.Debug|Any CPU.Build.0 = Debug|Any CPU
		{3B4A1B05-3D78-4249-AC6A-4E7D343BECE1}.Release|Any CPU.ActiveCfg = Release|Any CPU
		{3B4A1B05-3D78-4249-AC6A-4E7D343BECE1}.Release|Any CPU.Build.0 = Release|Any CPU
		{A85D452E-2654-4951-BB90-692D3C54105A}.Debug|Any CPU.ActiveCfg = Debug|Any CPU
		{A85D452E-2654-4951-BB90-692D3C54105A}.Debug|Any CPU.Build.0 = Debug|Any CPU
		{A85D452E-2654-4951-BB90-692D3C54105A}.Release|Any CPU.ActiveCfg = Release|Any CPU
		{A85D452E-2654-4951-BB90-692D3C54105A}.Release|Any CPU.Build.0 = Release|Any CPU
		{BB3AA391-9222-4EB2-B044-E48496A5C915}.Debug|Any CPU.ActiveCfg = Debug|Any CPU
		{BB3AA391-9222-4EB2-B044-E48496A5C915}.Debug|Any CPU.Build.0 = Debug|Any CPU
		{BB3AA391-9222-4EB2-B044-E48496A5C915}.Release|Any CPU.ActiveCfg = Release|Any CPU
		{BB3AA391-9222-4EB2-B044-E48496A5C915}.Release|Any CPU.Build.0 = Release|Any CPU
		{132BECFA-C33E-4C36-AB50-32964BBAE886}.Debug|Any CPU.ActiveCfg = Debug|Any CPU
		{132BECFA-C33E-4C36-AB50-32964BBAE886}.Debug|Any CPU.Build.0 = Debug|Any CPU
		{132BECFA-C33E-4C36-AB50-32964BBAE886}.Release|Any CPU.ActiveCfg = Release|Any CPU
		{132BECFA-C33E-4C36-AB50-32964BBAE886}.Release|Any CPU.Build.0 = Release|Any CPU
		{F5517D93-6D27-4BD8-AFBA-D91496164FC6}.Debug|Any CPU.ActiveCfg = Debug|Any CPU
		{F5517D93-6D27-4BD8-AFBA-D91496164FC6}.Debug|Any CPU.Build.0 = Debug|Any CPU
		{F5517D93-6D27-4BD8-AFBA-D91496164FC6}.Release|Any CPU.ActiveCfg = Release|Any CPU
		{F5517D93-6D27-4BD8-AFBA-D91496164FC6}.Release|Any CPU.Build.0 = Release|Any CPU
	EndGlobalSection
	GlobalSection(SolutionProperties) = preSolution
		HideSolutionNode = FALSE
	EndGlobalSection
	GlobalSection(NestedProjects) = preSolution
		{C59F28AB-A826-4367-9A9D-4A1086CFDE7A} = {8D90C48E-4862-477C-AE04-FAC9407BCF63}
		{F3928FCB-E9D7-4A9D-A800-5D177AFFB799} = {C59F28AB-A826-4367-9A9D-4A1086CFDE7A}
		{712DA596-9CAC-43A3-9288-29A877453DF3} = {C59F28AB-A826-4367-9A9D-4A1086CFDE7A}
		{B99EA027-7EA3-454E-BF30-D57DCEEC48BB} = {A7381061-6E29-4512-8CD2-82F344141D5B}
		{CE1A93D2-4A25-4534-A4FA-01D2F1258955} = {8D90C48E-4862-477C-AE04-FAC9407BCF63}
		{74B66CF8-B07E-49A7-84C1-5EA7B7D99541} = {CE1A93D2-4A25-4534-A4FA-01D2F1258955}
		{DDE17259-6AA8-4211-9587-5A972D58697A} = {CE1A93D2-4A25-4534-A4FA-01D2F1258955}
		{CDD3C79A-5969-4A3C-B1AB-5703FAA1B107} = {CE1A93D2-4A25-4534-A4FA-01D2F1258955}
		{D4570908-B0DA-4C45-A0EC-D7F0072F749A} = {8D90C48E-4862-477C-AE04-FAC9407BCF63}
		{270F3508-2D9E-4A58-931F-997A2BFD02FC} = {D4570908-B0DA-4C45-A0EC-D7F0072F749A}
		{3B4A1B05-3D78-4249-AC6A-4E7D343BECE1} = {D4570908-B0DA-4C45-A0EC-D7F0072F749A}
		{A85D452E-2654-4951-BB90-692D3C54105A} = {D4570908-B0DA-4C45-A0EC-D7F0072F749A}
		{7B267D87-DE73-4F5B-BD7A-7564658348B1} = {8D90C48E-4862-477C-AE04-FAC9407BCF63}
		{BB3AA391-9222-4EB2-B044-E48496A5C915} = {7B267D87-DE73-4F5B-BD7A-7564658348B1}
		{132BECFA-C33E-4C36-AB50-32964BBAE886} = {7B267D87-DE73-4F5B-BD7A-7564658348B1}
		{9AB5CDD9-3533-472A-AF4F-44338B59A8BC} = {8D90C48E-4862-477C-AE04-FAC9407BCF63}
		{F5517D93-6D27-4BD8-AFBA-D91496164FC6} = {9AB5CDD9-3533-472A-AF4F-44338B59A8BC}
	EndGlobalSection
	GlobalSection(ExtensibilityGlobals) = postSolution
		SolutionGuid = {042CF0C2-9E1F-4693-8F8C-5651C686F529}
	EndGlobalSection
EndGlobal
